
Microsoft Visual Studio Solution File, Format Version 12.00
Project("{FAE04EC0-301F-11D3-BF4B-00C04F79EFBC}") = "JupiNode-Desktop", "JupiNode-Desktop\JupiNode-Desktop.csproj", "{21CDFCD3-8780-444F-85B7-5B71C57917A0}"
EndProject
Project("{2150E333-8FDC-42A3-9474-1A3956D46DE8}") = "Core", "Core", "{53AC6D49-D433-4BB1-A4AC-9AF3B4A819BC}"
EndProject
Project("{2150E333-8FDC-42A3-9474-1A3956D46DE8}") = "Editors", "Editors", "{CCD3FD94-2AC8-4B93-9173-5504C6FE9D13}"
EndProject
Project("{2150E333-8FDC-42A3-9474-1A3956D46DE8}") = "Data", "Data", "{EBBE2E71-C0C6-4882-ACC3-241B375D1DD7}"
EndProject
Project("{FAE04EC0-301F-11D3-BF4B-00C04F79EFBC}") = "Jupi.Data", "Data\Jupi.Data\Jupi.Data.csproj", "{728CDFD0-A2E9-435C-9976-A26F251078C3}"
EndProject
Project("{FAE04EC0-301F-11D3-BF4B-00C04F79EFBC}") = "Jupi.Authentication", "Editors\Jupi.Authentication\Jupi.Authentication.csproj", "{574AACDF-148C-4C3E-B8CF-498DFE68B5E2}"
EndProject
Project("{FAE04EC0-301F-11D3-BF4B-00C04F79EFBC}") = "Jupi.Workspace", "Editors\Jupi.Workspace\Jupi.Workspace.csproj", "{2746A7ED-1781-4BB8-9041-4E627ADD3810}"
EndProject
Project("{FAE04EC0-301F-11D3-BF4B-00C04F79EFBC}") = "Jupi.Themes", "Core\Jupi.Themes\Jupi.Themes.csproj", "{60CB921D-32B9-470F-83A3-BF937025FE82}"
EndProject
Project("{FAE04EC0-301F-11D3-BF4B-00C04F79EFBC}") = "Jupi.Core", "Core\Jupi.Core\Jupi.Core.csproj", "{CEDE00BD-A8C9-49A2-80E3-0C54EBC852C1}"
EndProject
Project("{FAE04EC0-301F-11D3-BF4B-00C04F79EFBC}") = "Jupi.Components", "Core\Jupi.Components\Jupi.Components.csproj", "{A418EB5E-280A-400E-9044-12861292D85A}"
EndProject
Global
	GlobalSection(SolutionConfigurationPlatforms) = preSolution
		Debug|Any CPU = Debug|Any CPU
		Release|Any CPU = Release|Any CPU
	EndGlobalSection
	GlobalSection(ProjectConfigurationPlatforms) = postSolution
		{21CDFCD3-8780-444F-85B7-5B71C57917A0}.Debug|Any CPU.ActiveCfg = Debug|Any CPU
		{21CDFCD3-8780-444F-85B7-5B71C57917A0}.Debug|Any CPU.Build.0 = Debug|Any CPU
		{21CDFCD3-8780-444F-85B7-5B71C57917A0}.Release|Any CPU.ActiveCfg = Release|Any CPU
		{21CDFCD3-8780-444F-85B7-5B71C57917A0}.Release|Any CPU.Build.0 = Release|Any CPU
		{728CDFD0-A2E9-435C-9976-A26F251078C3}.Debug|Any CPU.ActiveCfg = Debug|Any CPU
		{728CDFD0-A2E9-435C-9976-A26F251078C3}.Debug|Any CPU.Build.0 = Debug|Any CPU
		{728CDFD0-A2E9-435C-9976-A26F251078C3}.Release|Any CPU.ActiveCfg = Release|Any CPU
		{728CDFD0-A2E9-435C-9976-A26F251078C3}.Release|Any CPU.Build.0 = Release|Any CPU
		{574AACDF-148C-4C3E-B8CF-498DFE68B5E2}.Debug|Any CPU.ActiveCfg = Debug|Any CPU
		{574AACDF-148C-4C3E-B8CF-498DFE68B5E2}.Debug|Any CPU.Build.0 = Debug|Any CPU
		{574AACDF-148C-4C3E-B8CF-498DFE68B5E2}.Release|Any CPU.ActiveCfg = Release|Any CPU
		{574AACDF-148C-4C3E-B8CF-498DFE68B5E2}.Release|Any CPU.Build.0 = Release|Any CPU
		{2746A7ED-1781-4BB8-9041-4E627ADD3810}.Debug|Any CPU.ActiveCfg = Debug|Any CPU
		{2746A7ED-1781-4BB8-9041-4E627ADD3810}.Debug|Any CPU.Build.0 = Debug|Any CPU
		{2746A7ED-1781-4BB8-9041-4E627ADD3810}.Release|Any CPU.ActiveCfg = Release|Any CPU
		{2746A7ED-1781-4BB8-9041-4E627ADD3810}.Release|Any CPU.Build.0 = Release|Any CPU
		{60CB921D-32B9-470F-83A3-BF937025FE82}.Debug|Any CPU.ActiveCfg = Debug|Any CPU
		{60CB921D-32B9-470F-83A3-BF937025FE82}.Debug|Any CPU.Build.0 = Debug|Any CPU
		{60CB921D-32B9-470F-83A3-BF937025FE82}.Release|Any CPU.ActiveCfg = Release|Any CPU
		{60CB921D-32B9-470F-83A3-BF937025FE82}.Release|Any CPU.Build.0 = Release|Any CPU
		{CEDE00BD-A8C9-49A2-80E3-0C54EBC852C1}.Debug|Any CPU.ActiveCfg = Debug|Any CPU
		{CEDE00BD-A8C9-49A2-80E3-0C54EBC852C1}.Debug|Any CPU.Build.0 = Debug|Any CPU
		{CEDE00BD-A8C9-49A2-80E3-0C54EBC852C1}.Release|Any CPU.ActiveCfg = Release|Any CPU
		{CEDE00BD-A8C9-49A2-80E3-0C54EBC852C1}.Release|Any CPU.Build.0 = Release|Any CPU
		{A418EB5E-280A-400E-9044-12861292D85A}.Debug|Any CPU.ActiveCfg = Debug|Any CPU
		{A418EB5E-280A-400E-9044-12861292D85A}.Debug|Any CPU.Build.0 = Debug|Any CPU
		{A418EB5E-280A-400E-9044-12861292D85A}.Release|Any CPU.ActiveCfg = Release|Any CPU
		{A418EB5E-280A-400E-9044-12861292D85A}.Release|Any CPU.Build.0 = Release|Any CPU
	EndGlobalSection
	GlobalSection(NestedProjects) = preSolution
		{728CDFD0-A2E9-435C-9976-A26F251078C3} = {EBBE2E71-C0C6-4882-ACC3-241B375D1DD7}
		{574AACDF-148C-4C3E-B8CF-498DFE68B5E2} = {CCD3FD94-2AC8-4B93-9173-5504C6FE9D13}
		{2746A7ED-1781-4BB8-9041-4E627ADD3810} = {CCD3FD94-2AC8-4B93-9173-5504C6FE9D13}
		{60CB921D-32B9-470F-83A3-BF937025FE82} = {53AC6D49-D433-4BB1-A4AC-9AF3B4A819BC}
		{CEDE00BD-A8C9-49A2-80E3-0C54EBC852C1} = {53AC6D49-D433-4BB1-A4AC-9AF3B4A819BC}
		{A418EB5E-280A-400E-9044-12861292D85A} = {53AC6D49-D433-4BB1-A4AC-9AF3B4A819BC}
	EndGlobalSection
EndGlobal
