
Microsoft Visual Studio Solution File, Format Version 12.00
Project("{FAE04EC0-301F-11D3-BF4B-00C04F79EFBC}") = "JupiNode-Desktop", "JupiNode-Desktop\JupiNode-Desktop.csproj", "{21CDFCD3-8780-444F-85B7-5B71C57917A0}"
EndProject
Project("{2150E333-8FDC-42A3-9474-1A3956D46DE8}") = "Core", "Core", "{53AC6D49-D433-4BB1-A4AC-9AF3B4A819BC}"
EndProject
Global
	GlobalSection(SolutionConfigurationPlatforms) = preSolution
		Debug|Any CPU = Debug|Any CPU
		Release|Any CPU = Release|Any CPU
	EndGlobalSection
	GlobalSection(ProjectConfigurationPlatforms) = postSolution
		{21CDFCD3-8780-444F-85B7-5B71C57917A0}.Debug|Any CPU.ActiveCfg = Debug|Any CPU
		{21CDFCD3-8780-444F-85B7-5B71C57917A0}.Debug|Any CPU.Build.0 = Debug|Any CPU
		{21CDFCD3-8780-444F-85B7-5B71C57917A0}.Release|Any CPU.ActiveCfg = Release|Any CPU
		{21CDFCD3-8780-444F-85B7-5B71C57917A0}.Release|Any CPU.Build.0 = Release|Any CPU
	EndGlobalSection
	GlobalSection(NestedProjects) = preSolution
	EndGlobalSection
EndGlobal
